
Microsoft Visual Studio Solution File, Format Version 12.00
# Visual Studio Version 17
VisualStudioVersion = 17.4.33213.308
MinimumVisualStudioVersion = 10.0.40219.1
Project("{FAE04EC0-301F-11D3-BF4B-00C04F79EFBC}") = "SplitOpdracht", "11splitsring\SplitOpdracht.csproj", "{D6939D74-04C9-443E-97D2-F243ECF86975}"
EndProject
Global
	GlobalSection(SolutionConfigurationPlatforms) = preSolution
		Debug|Any CPU = Debug|Any CPU
		Release|Any CPU = Release|Any CPU
	EndGlobalSection
	GlobalSection(ProjectConfigurationPlatforms) = postSolution
		{D6939D74-04C9-443E-97D2-F243ECF86975}.Debug|Any CPU.ActiveCfg = Debug|Any CPU
		{D6939D74-04C9-443E-97D2-F243ECF86975}.Debug|Any CPU.Build.0 = Debug|Any CPU
		{D6939D74-04C9-443E-97D2-F243ECF86975}.Release|Any CPU.ActiveCfg = Release|Any CPU
		{D6939D74-04C9-443E-97D2-F243ECF86975}.Release|Any CPU.Build.0 = Release|Any CPU
	EndGlobalSection
	GlobalSection(SolutionProperties) = preSolution
		HideSolutionNode = FALSE
	EndGlobalSection
	GlobalSection(ExtensibilityGlobals) = postSolution
		SolutionGuid = {0595B4F1-6D1C-4EC0-9932-BD21EE3EC7B9}
	EndGlobalSection
EndGlobal
